
Microsoft Visual Studio Solution File, Format Version 12.00
# Visual Studio Version 17
VisualStudioVersion = 17.8.34330.188
MinimumVisualStudioVersion = 10.0.40219.1
Project("{9A19103F-16F7-4668-BE54-9A1E7A4F7556}") = "BlazorGenerator", "BlazorGenerator\BlazorGenerator.csproj", "{B8DC7DB0-98B2-4ECE-93EC-FF6DA1402802}"
EndProject
Project("{9A19103F-16F7-4668-BE54-9A1E7A4F7556}") = "Server", "Server\Server.csproj", "{1F7616C1-F90A-4DD4-8AC2-AA24E5D5C561}"
	ProjectSection(ProjectDependencies) = postProject
		{B8DC7DB0-98B2-4ECE-93EC-FF6DA1402802} = {B8DC7DB0-98B2-4ECE-93EC-FF6DA1402802}
	EndProjectSection
EndProject
Project("{9A19103F-16F7-4668-BE54-9A1E7A4F7556}") = "TestShared", "TestShared\TestShared.csproj", "{3DFB7DB5-E29D-4D43-8F85-5E52B427AA17}"
EndProject
Project("{2150E333-8FDC-42A3-9474-1A3956D46DE8}") = "Solution Items", "Solution Items", "{C103BFC5-13AB-46F6-8B3B-8F965A22E28F}"
	ProjectSection(SolutionItems) = preProject
		.github\workflows\Build3.yml = .github\workflows\Build3.yml
		.github\workflows\main.yml = .github\workflows\main.yml
		README.md = README.md
	EndProjectSection
EndProject
Project("{9A19103F-16F7-4668-BE54-9A1E7A4F7556}") = "MauiApp1", "MauiApp1\MauiApp1.csproj", "{B5C75CE2-0CB3-4F7C-BEE7-FF3E6B982700}"
EndProject
Project("{9A19103F-16F7-4668-BE54-9A1E7A4F7556}") = "WebAssembly", "WebAssembly\WebAssembly.csproj", "{250B926A-61CD-4D84-84FF-3AB4AEFE9F77}"
EndProject
Project("{9A19103F-16F7-4668-BE54-9A1E7A4F7556}") = "BlazorWpf", "BlazorWpf\BlazorWpf.csproj", "{D9BC9F72-78F8-4381-B7C2-3987554EC8A9}"
EndProject
Project("{2150E333-8FDC-42A3-9474-1A3956D46DE8}") = "Demo", "Demo", "{EFC20F45-7114-49C1-A372-3E7E684C486E}"
EndProject
Global
	GlobalSection(SolutionConfigurationPlatforms) = preSolution
		Debug|Any CPU = Debug|Any CPU
		Release|Any CPU = Release|Any CPU
	EndGlobalSection
	GlobalSection(ProjectConfigurationPlatforms) = postSolution
		{B8DC7DB0-98B2-4ECE-93EC-FF6DA1402802}.Debug|Any CPU.ActiveCfg = Debug|Any CPU
		{B8DC7DB0-98B2-4ECE-93EC-FF6DA1402802}.Debug|Any CPU.Build.0 = Debug|Any CPU
		{B8DC7DB0-98B2-4ECE-93EC-FF6DA1402802}.Release|Any CPU.ActiveCfg = Release|Any CPU
		{B8DC7DB0-98B2-4ECE-93EC-FF6DA1402802}.Release|Any CPU.Build.0 = Release|Any CPU
		{1F7616C1-F90A-4DD4-8AC2-AA24E5D5C561}.Debug|Any CPU.ActiveCfg = Debug|Any CPU
		{1F7616C1-F90A-4DD4-8AC2-AA24E5D5C561}.Debug|Any CPU.Build.0 = Debug|Any CPU
		{1F7616C1-F90A-4DD4-8AC2-AA24E5D5C561}.Release|Any CPU.ActiveCfg = Release|Any CPU
		{1F7616C1-F90A-4DD4-8AC2-AA24E5D5C561}.Release|Any CPU.Build.0 = Release|Any CPU
		{3DFB7DB5-E29D-4D43-8F85-5E52B427AA17}.Debug|Any CPU.ActiveCfg = Debug|Any CPU
		{3DFB7DB5-E29D-4D43-8F85-5E52B427AA17}.Debug|Any CPU.Build.0 = Debug|Any CPU
		{3DFB7DB5-E29D-4D43-8F85-5E52B427AA17}.Release|Any CPU.ActiveCfg = Release|Any CPU
		{3DFB7DB5-E29D-4D43-8F85-5E52B427AA17}.Release|Any CPU.Build.0 = Release|Any CPU
		{B5C75CE2-0CB3-4F7C-BEE7-FF3E6B982700}.Debug|Any CPU.ActiveCfg = Debug|Any CPU
		{B5C75CE2-0CB3-4F7C-BEE7-FF3E6B982700}.Debug|Any CPU.Build.0 = Debug|Any CPU
		{B5C75CE2-0CB3-4F7C-BEE7-FF3E6B982700}.Debug|Any CPU.Deploy.0 = Debug|Any CPU
		{B5C75CE2-0CB3-4F7C-BEE7-FF3E6B982700}.Release|Any CPU.ActiveCfg = Release|Any CPU
		{B5C75CE2-0CB3-4F7C-BEE7-FF3E6B982700}.Release|Any CPU.Build.0 = Release|Any CPU
		{B5C75CE2-0CB3-4F7C-BEE7-FF3E6B982700}.Release|Any CPU.Deploy.0 = Release|Any CPU
		{250B926A-61CD-4D84-84FF-3AB4AEFE9F77}.Debug|Any CPU.ActiveCfg = Debug|Any CPU
		{250B926A-61CD-4D84-84FF-3AB4AEFE9F77}.Debug|Any CPU.Build.0 = Debug|Any CPU
		{250B926A-61CD-4D84-84FF-3AB4AEFE9F77}.Release|Any CPU.ActiveCfg = Release|Any CPU
		{250B926A-61CD-4D84-84FF-3AB4AEFE9F77}.Release|Any CPU.Build.0 = Release|Any CPU
		{D9BC9F72-78F8-4381-B7C2-3987554EC8A9}.Debug|Any CPU.ActiveCfg = Debug|Any CPU
		{D9BC9F72-78F8-4381-B7C2-3987554EC8A9}.Debug|Any CPU.Build.0 = Debug|Any CPU
		{D9BC9F72-78F8-4381-B7C2-3987554EC8A9}.Release|Any CPU.ActiveCfg = Release|Any CPU
		{D9BC9F72-78F8-4381-B7C2-3987554EC8A9}.Release|Any CPU.Build.0 = Release|Any CPU
	EndGlobalSection
	GlobalSection(SolutionProperties) = preSolution
		HideSolutionNode = FALSE
	EndGlobalSection
	GlobalSection(NestedProjects) = preSolution
		{1F7616C1-F90A-4DD4-8AC2-AA24E5D5C561} = {EFC20F45-7114-49C1-A372-3E7E684C486E}
		{3DFB7DB5-E29D-4D43-8F85-5E52B427AA17} = {EFC20F45-7114-49C1-A372-3E7E684C486E}
		{B5C75CE2-0CB3-4F7C-BEE7-FF3E6B982700} = {EFC20F45-7114-49C1-A372-3E7E684C486E}
		{250B926A-61CD-4D84-84FF-3AB4AEFE9F77} = {EFC20F45-7114-49C1-A372-3E7E684C486E}
		{D9BC9F72-78F8-4381-B7C2-3987554EC8A9} = {EFC20F45-7114-49C1-A372-3E7E684C486E}
	EndGlobalSection
	GlobalSection(ExtensibilityGlobals) = postSolution
		SolutionGuid = {6255A7BF-44F1-40CA-A765-7BEDBD1A8559}
	EndGlobalSection
EndGlobal
