
Microsoft Visual Studio Solution File, Format Version 12.00
# Visual Studio Version 17
VisualStudioVersion = 17.8.34330.188
MinimumVisualStudioVersion = 10.0.40219.1
Project("{2150E333-8FDC-42A3-9474-1A3956D46DE8}") = "Solution Items", "Solution Items", "{C103BFC5-13AB-46F6-8B3B-8F965A22E28F}"
	ProjectSection(SolutionItems) = preProject
		.github\workflows\Build3.yml = .github\workflows\Build3.yml
		.github\workflows\main.yml = .github\workflows\main.yml
		README.md = README.md
		.gitignore = .gitignore
	EndProjectSection
EndProject
Project("{9A19103F-16F7-4668-BE54-9A1E7A4F7556}") = "BlazorEngine", "src\BlazorEngine\BlazorEngine.csproj", "{E498E47B-F49D-448F-B528-C5EFF5AD8CD8}"
EndProject
Project("{2150E333-8FDC-42A3-9474-1A3956D46DE8}") = "Demo", "Demo", "{D76C3DDF-BFFF-4704-995B-18A073373235}"
EndProject
Project("{9A19103F-16F7-4668-BE54-9A1E7A4F7556}") = "BlazorWpf", "Demo\BlazorWpf\BlazorWpf.csproj", "{7E71BA96-2CF5-47D7-84B0-2AE86646C536}"
EndProject
Project("{9A19103F-16F7-4668-BE54-9A1E7A4F7556}") = "MauiApp1", "Demo\MauiApp1\MauiApp1.csproj", "{85C8D422-9105-4D46-AD7B-99AC346E98B6}"
EndProject
Project("{9A19103F-16F7-4668-BE54-9A1E7A4F7556}") = "Server", "Demo\Server\Server.csproj", "{701ACDA2-08FB-41A1-988F-203D17A0B51C}"
EndProject
Project("{9A19103F-16F7-4668-BE54-9A1E7A4F7556}") = "TestShared", "Demo\TestShared\TestShared.csproj", "{9222F897-8421-434F-A407-D42F636984FB}"
EndProject
Project("{9A19103F-16F7-4668-BE54-9A1E7A4F7556}") = "WebAssembly", "Demo\WebAssembly\WebAssembly.csproj", "{5116A65F-D24A-41FB-9C6A-C12A5990691B}"
EndProject
Global
	GlobalSection(SolutionConfigurationPlatforms) = preSolution
		Debug|Any CPU = Debug|Any CPU
		Release|Any CPU = Release|Any CPU
	EndGlobalSection
	GlobalSection(ProjectConfigurationPlatforms) = postSolution
		{E498E47B-F49D-448F-B528-C5EFF5AD8CD8}.Debug|Any CPU.ActiveCfg = Debug|Any CPU
		{E498E47B-F49D-448F-B528-C5EFF5AD8CD8}.Debug|Any CPU.Build.0 = Debug|Any CPU
		{E498E47B-F49D-448F-B528-C5EFF5AD8CD8}.Release|Any CPU.ActiveCfg = Release|Any CPU
		{E498E47B-F49D-448F-B528-C5EFF5AD8CD8}.Release|Any CPU.Build.0 = Release|Any CPU
		{7E71BA96-2CF5-47D7-84B0-2AE86646C536}.Debug|Any CPU.ActiveCfg = Debug|Any CPU
		{7E71BA96-2CF5-47D7-84B0-2AE86646C536}.Debug|Any CPU.Build.0 = Debug|Any CPU
		{7E71BA96-2CF5-47D7-84B0-2AE86646C536}.Release|Any CPU.ActiveCfg = Release|Any CPU
		{7E71BA96-2CF5-47D7-84B0-2AE86646C536}.Release|Any CPU.Build.0 = Release|Any CPU
		{85C8D422-9105-4D46-AD7B-99AC346E98B6}.Debug|Any CPU.ActiveCfg = Debug|Any CPU
		{85C8D422-9105-4D46-AD7B-99AC346E98B6}.Debug|Any CPU.Build.0 = Debug|Any CPU
		{85C8D422-9105-4D46-AD7B-99AC346E98B6}.Release|Any CPU.ActiveCfg = Release|Any CPU
		{85C8D422-9105-4D46-AD7B-99AC346E98B6}.Release|Any CPU.Build.0 = Release|Any CPU
		{701ACDA2-08FB-41A1-988F-203D17A0B51C}.Debug|Any CPU.ActiveCfg = Debug|Any CPU
		{701ACDA2-08FB-41A1-988F-203D17A0B51C}.Debug|Any CPU.Build.0 = Debug|Any CPU
		{701ACDA2-08FB-41A1-988F-203D17A0B51C}.Release|Any CPU.ActiveCfg = Release|Any CPU
		{701ACDA2-08FB-41A1-988F-203D17A0B51C}.Release|Any CPU.Build.0 = Release|Any CPU
		{9222F897-8421-434F-A407-D42F636984FB}.Debug|Any CPU.ActiveCfg = Debug|Any CPU
		{9222F897-8421-434F-A407-D42F636984FB}.Debug|Any CPU.Build.0 = Debug|Any CPU
		{9222F897-8421-434F-A407-D42F636984FB}.Release|Any CPU.ActiveCfg = Release|Any CPU
		{9222F897-8421-434F-A407-D42F636984FB}.Release|Any CPU.Build.0 = Release|Any CPU
		{5116A65F-D24A-41FB-9C6A-C12A5990691B}.Debug|Any CPU.ActiveCfg = Debug|Any CPU
		{5116A65F-D24A-41FB-9C6A-C12A5990691B}.Debug|Any CPU.Build.0 = Debug|Any CPU
		{5116A65F-D24A-41FB-9C6A-C12A5990691B}.Release|Any CPU.ActiveCfg = Release|Any CPU
		{5116A65F-D24A-41FB-9C6A-C12A5990691B}.Release|Any CPU.Build.0 = Release|Any CPU
	EndGlobalSection
	GlobalSection(SolutionProperties) = preSolution
		HideSolutionNode = FALSE
	EndGlobalSection
	GlobalSection(NestedProjects) = preSolution
		{7E71BA96-2CF5-47D7-84B0-2AE86646C536} = {D76C3DDF-BFFF-4704-995B-18A073373235}
		{85C8D422-9105-4D46-AD7B-99AC346E98B6} = {D76C3DDF-BFFF-4704-995B-18A073373235}
		{701ACDA2-08FB-41A1-988F-203D17A0B51C} = {D76C3DDF-BFFF-4704-995B-18A073373235}
		{9222F897-8421-434F-A407-D42F636984FB} = {D76C3DDF-BFFF-4704-995B-18A073373235}
		{5116A65F-D24A-41FB-9C6A-C12A5990691B} = {D76C3DDF-BFFF-4704-995B-18A073373235}
	EndGlobalSection
	GlobalSection(ExtensibilityGlobals) = postSolution
		SolutionGuid = {6255A7BF-44F1-40CA-A765-7BEDBD1A8559}
	EndGlobalSection
EndGlobal
