
Microsoft Visual Studio Solution File, Format Version 12.00
# Visual Studio Version 16
VisualStudioVersion = 16.0.31624.102
MinimumVisualStudioVersion = 10.0.40219.1
Project("{9A19103F-16F7-4668-BE54-9A1E7A4F7556}") = "test", "test\test.csproj", "{5383916A-B2C6-4DB4-921B-8ED5D0A25EC2}"
EndProject
Project("{9A19103F-16F7-4668-BE54-9A1E7A4F7556}") = "Eos.Blazor.Generator", "Eos.Blazor.Generator\Eos.Blazor.Generator.csproj", "{9B9FC2EB-A758-45FD-BB40-2695B878A3D9}"
EndProject
Global
	GlobalSection(SolutionConfigurationPlatforms) = preSolution
		Debug|Any CPU = Debug|Any CPU
		Release|Any CPU = Release|Any CPU
	EndGlobalSection
	GlobalSection(ProjectConfigurationPlatforms) = postSolution
		{5383916A-B2C6-4DB4-921B-8ED5D0A25EC2}.Debug|Any CPU.ActiveCfg = Debug|Any CPU
		{5383916A-B2C6-4DB4-921B-8ED5D0A25EC2}.Debug|Any CPU.Build.0 = Debug|Any CPU
		{5383916A-B2C6-4DB4-921B-8ED5D0A25EC2}.Release|Any CPU.ActiveCfg = Release|Any CPU
		{9B9FC2EB-A758-45FD-BB40-2695B878A3D9}.Debug|Any CPU.ActiveCfg = Debug|Any CPU
		{9B9FC2EB-A758-45FD-BB40-2695B878A3D9}.Debug|Any CPU.Build.0 = Debug|Any CPU
		{9B9FC2EB-A758-45FD-BB40-2695B878A3D9}.Release|Any CPU.ActiveCfg = Release|Any CPU
		{9B9FC2EB-A758-45FD-BB40-2695B878A3D9}.Release|Any CPU.Build.0 = Release|Any CPU
	EndGlobalSection
	GlobalSection(SolutionProperties) = preSolution
		HideSolutionNode = FALSE
	EndGlobalSection
	GlobalSection(ExtensibilityGlobals) = postSolution
		SolutionGuid = {BC1A536D-AF2E-41CD-9514-7172C6BD1F59}
	EndGlobalSection
EndGlobal
